
Microsoft Visual Studio Solution File, Format Version 12.00
# Visual Studio 15
VisualStudioVersion = 15.0.27703.2047
MinimumVisualStudioVersion = 10.0.40219.1
Project("{FAE04EC0-301F-11D3-BF4B-00C04F79EFBC}") = "PhotoReport.Android", "PhotoReport\PhotoReport.Android\PhotoReport.Android.csproj", "{EC5B19E5-FC0E-4DFE-804F-AF73E5DC385D}"
EndProject
Project("{FAE04EC0-301F-11D3-BF4B-00C04F79EFBC}") = "PhotoReport.iOS", "PhotoReport\PhotoReport.iOS\PhotoReport.iOS.csproj", "{F0AD9312-10DA-401B-9A7C-984CF07115C9}"
EndProject
Project("{FAE04EC0-301F-11D3-BF4B-00C04F79EFBC}") = "PhotoReport", "PhotoReport\PhotoReport\PhotoReport.csproj", "{1D829EBB-3D56-4B7A-854E-D76B48CE3AC6}"
EndProject
Global
	GlobalSection(SolutionConfigurationPlatforms) = preSolution
		Ad-Hoc|Any CPU = Ad-Hoc|Any CPU
		Ad-Hoc|iPhone = Ad-Hoc|iPhone
		Ad-Hoc|iPhoneSimulator = Ad-Hoc|iPhoneSimulator
		AppStore|Any CPU = AppStore|Any CPU
		AppStore|iPhone = AppStore|iPhone
		AppStore|iPhoneSimulator = AppStore|iPhoneSimulator
		Debug|Any CPU = Debug|Any CPU
		Debug|iPhone = Debug|iPhone
		Debug|iPhoneSimulator = Debug|iPhoneSimulator
		Release|Any CPU = Release|Any CPU
		Release|iPhone = Release|iPhone
		Release|iPhoneSimulator = Release|iPhoneSimulator
	EndGlobalSection
	GlobalSection(ProjectConfigurationPlatforms) = postSolution
		{EC5B19E5-FC0E-4DFE-804F-AF73E5DC385D}.Ad-Hoc|Any CPU.ActiveCfg = Release|Any CPU
		{EC5B19E5-FC0E-4DFE-804F-AF73E5DC385D}.Ad-Hoc|Any CPU.Build.0 = Release|Any CPU
		{EC5B19E5-FC0E-4DFE-804F-AF73E5DC385D}.Ad-Hoc|Any CPU.Deploy.0 = Release|Any CPU
		{EC5B19E5-FC0E-4DFE-804F-AF73E5DC385D}.Ad-Hoc|iPhone.ActiveCfg = Release|Any CPU
		{EC5B19E5-FC0E-4DFE-804F-AF73E5DC385D}.Ad-Hoc|iPhone.Build.0 = Release|Any CPU
		{EC5B19E5-FC0E-4DFE-804F-AF73E5DC385D}.Ad-Hoc|iPhone.Deploy.0 = Release|Any CPU
		{EC5B19E5-FC0E-4DFE-804F-AF73E5DC385D}.Ad-Hoc|iPhoneSimulator.ActiveCfg = Release|Any CPU
		{EC5B19E5-FC0E-4DFE-804F-AF73E5DC385D}.Ad-Hoc|iPhoneSimulator.Build.0 = Release|Any CPU
		{EC5B19E5-FC0E-4DFE-804F-AF73E5DC385D}.Ad-Hoc|iPhoneSimulator.Deploy.0 = Release|Any CPU
		{EC5B19E5-FC0E-4DFE-804F-AF73E5DC385D}.AppStore|Any CPU.ActiveCfg = Release|Any CPU
		{EC5B19E5-FC0E-4DFE-804F-AF73E5DC385D}.AppStore|Any CPU.Build.0 = Release|Any CPU
		{EC5B19E5-FC0E-4DFE-804F-AF73E5DC385D}.AppStore|Any CPU.Deploy.0 = Release|Any CPU
		{EC5B19E5-FC0E-4DFE-804F-AF73E5DC385D}.AppStore|iPhone.ActiveCfg = Release|Any CPU
		{EC5B19E5-FC0E-4DFE-804F-AF73E5DC385D}.AppStore|iPhone.Build.0 = Release|Any CPU
		{EC5B19E5-FC0E-4DFE-804F-AF73E5DC385D}.AppStore|iPhone.Deploy.0 = Release|Any CPU
		{EC5B19E5-FC0E-4DFE-804F-AF73E5DC385D}.AppStore|iPhoneSimulator.ActiveCfg = Release|Any CPU
		{EC5B19E5-FC0E-4DFE-804F-AF73E5DC385D}.AppStore|iPhoneSimulator.Build.0 = Release|Any CPU
		{EC5B19E5-FC0E-4DFE-804F-AF73E5DC385D}.AppStore|iPhoneSimulator.Deploy.0 = Release|Any CPU
		{EC5B19E5-FC0E-4DFE-804F-AF73E5DC385D}.Debug|Any CPU.ActiveCfg = Debug|Any CPU
		{EC5B19E5-FC0E-4DFE-804F-AF73E5DC385D}.Debug|Any CPU.Build.0 = Debug|Any CPU
		{EC5B19E5-FC0E-4DFE-804F-AF73E5DC385D}.Debug|Any CPU.Deploy.0 = Debug|Any CPU
		{EC5B19E5-FC0E-4DFE-804F-AF73E5DC385D}.Debug|iPhone.ActiveCfg = Debug|Any CPU
		{EC5B19E5-FC0E-4DFE-804F-AF73E5DC385D}.Debug|iPhone.Build.0 = Debug|Any CPU
		{EC5B19E5-FC0E-4DFE-804F-AF73E5DC385D}.Debug|iPhone.Deploy.0 = Debug|Any CPU
		{EC5B19E5-FC0E-4DFE-804F-AF73E5DC385D}.Debug|iPhoneSimulator.ActiveCfg = Debug|Any CPU
		{EC5B19E5-FC0E-4DFE-804F-AF73E5DC385D}.Debug|iPhoneSimulator.Build.0 = Debug|Any CPU
		{EC5B19E5-FC0E-4DFE-804F-AF73E5DC385D}.Debug|iPhoneSimulator.Deploy.0 = Debug|Any CPU
		{EC5B19E5-FC0E-4DFE-804F-AF73E5DC385D}.Release|Any CPU.ActiveCfg = Release|Any CPU
		{EC5B19E5-FC0E-4DFE-804F-AF73E5DC385D}.Release|Any CPU.Build.0 = Release|Any CPU
		{EC5B19E5-FC0E-4DFE-804F-AF73E5DC385D}.Release|Any CPU.Deploy.0 = Release|Any CPU
		{EC5B19E5-FC0E-4DFE-804F-AF73E5DC385D}.Release|iPhone.ActiveCfg = Release|Any CPU
		{EC5B19E5-FC0E-4DFE-804F-AF73E5DC385D}.Release|iPhone.Build.0 = Release|Any CPU
		{EC5B19E5-FC0E-4DFE-804F-AF73E5DC385D}.Release|iPhone.Deploy.0 = Release|Any CPU
		{EC5B19E5-FC0E-4DFE-804F-AF73E5DC385D}.Release|iPhoneSimulator.ActiveCfg = Release|Any CPU
		{EC5B19E5-FC0E-4DFE-804F-AF73E5DC385D}.Release|iPhoneSimulator.Build.0 = Release|Any CPU
		{EC5B19E5-FC0E-4DFE-804F-AF73E5DC385D}.Release|iPhoneSimulator.Deploy.0 = Release|Any CPU
		{F0AD9312-10DA-401B-9A7C-984CF07115C9}.Ad-Hoc|Any CPU.ActiveCfg = Ad-Hoc|iPhone
		{F0AD9312-10DA-401B-9A7C-984CF07115C9}.Ad-Hoc|Any CPU.Build.0 = Ad-Hoc|iPhone
		{F0AD9312-10DA-401B-9A7C-984CF07115C9}.Ad-Hoc|Any CPU.Deploy.0 = Ad-Hoc|iPhone
		{F0AD9312-10DA-401B-9A7C-984CF07115C9}.Ad-Hoc|iPhone.ActiveCfg = Ad-Hoc|iPhone
		{F0AD9312-10DA-401B-9A7C-984CF07115C9}.Ad-Hoc|iPhone.Build.0 = Ad-Hoc|iPhone
		{F0AD9312-10DA-401B-9A7C-984CF07115C9}.Ad-Hoc|iPhone.Deploy.0 = Ad-Hoc|iPhone
		{F0AD9312-10DA-401B-9A7C-984CF07115C9}.Ad-Hoc|iPhoneSimulator.ActiveCfg = Ad-Hoc|iPhoneSimulator
		{F0AD9312-10DA-401B-9A7C-984CF07115C9}.Ad-Hoc|iPhoneSimulator.Build.0 = Ad-Hoc|iPhoneSimulator
		{F0AD9312-10DA-401B-9A7C-984CF07115C9}.Ad-Hoc|iPhoneSimulator.Deploy.0 = Ad-Hoc|iPhoneSimulator
		{F0AD9312-10DA-401B-9A7C-984CF07115C9}.AppStore|Any CPU.ActiveCfg = AppStore|iPhone
		{F0AD9312-10DA-401B-9A7C-984CF07115C9}.AppStore|Any CPU.Build.0 = AppStore|iPhone
		{F0AD9312-10DA-401B-9A7C-984CF07115C9}.AppStore|Any CPU.Deploy.0 = AppStore|iPhone
		{F0AD9312-10DA-401B-9A7C-984CF07115C9}.AppStore|iPhone.ActiveCfg = AppStore|iPhone
		{F0AD9312-10DA-401B-9A7C-984CF07115C9}.AppStore|iPhone.Build.0 = AppStore|iPhone
		{F0AD9312-10DA-401B-9A7C-984CF07115C9}.AppStore|iPhone.Deploy.0 = AppStore|iPhone
		{F0AD9312-10DA-401B-9A7C-984CF07115C9}.AppStore|iPhoneSimulator.ActiveCfg = AppStore|iPhoneSimulator
		{F0AD9312-10DA-401B-9A7C-984CF07115C9}.AppStore|iPhoneSimulator.Build.0 = AppStore|iPhoneSimulator
		{F0AD9312-10DA-401B-9A7C-984CF07115C9}.AppStore|iPhoneSimulator.Deploy.0 = AppStore|iPhoneSimulator
		{F0AD9312-10DA-401B-9A7C-984CF07115C9}.Debug|Any CPU.ActiveCfg = Debug|iPhoneSimulator
		{F0AD9312-10DA-401B-9A7C-984CF07115C9}.Debug|Any CPU.Build.0 = Debug|iPhoneSimulator
		{F0AD9312-10DA-401B-9A7C-984CF07115C9}.Debug|Any CPU.Deploy.0 = Debug|iPhoneSimulator
		{F0AD9312-10DA-401B-9A7C-984CF07115C9}.Debug|iPhone.ActiveCfg = Debug|iPhone
		{F0AD9312-10DA-401B-9A7C-984CF07115C9}.Debug|iPhone.Build.0 = Debug|iPhone
		{F0AD9312-10DA-401B-9A7C-984CF07115C9}.Debug|iPhone.Deploy.0 = Debug|iPhone
		{F0AD9312-10DA-401B-9A7C-984CF07115C9}.Debug|iPhoneSimulator.ActiveCfg = Debug|iPhoneSimulator
		{F0AD9312-10DA-401B-9A7C-984CF07115C9}.Debug|iPhoneSimulator.Build.0 = Debug|iPhoneSimulator
		{F0AD9312-10DA-401B-9A7C-984CF07115C9}.Debug|iPhoneSimulator.Deploy.0 = Debug|iPhoneSimulator
		{F0AD9312-10DA-401B-9A7C-984CF07115C9}.Release|Any CPU.ActiveCfg = Release|iPhone
		{F0AD9312-10DA-401B-9A7C-984CF07115C9}.Release|Any CPU.Build.0 = Release|iPhone
		{F0AD9312-10DA-401B-9A7C-984CF07115C9}.Release|Any CPU.Deploy.0 = Release|iPhone
		{F0AD9312-10DA-401B-9A7C-984CF07115C9}.Release|iPhone.ActiveCfg = Release|iPhone
		{F0AD9312-10DA-401B-9A7C-984CF07115C9}.Release|iPhone.Build.0 = Release|iPhone
		{F0AD9312-10DA-401B-9A7C-984CF07115C9}.Release|iPhone.Deploy.0 = Release|iPhone
		{F0AD9312-10DA-401B-9A7C-984CF07115C9}.Release|iPhoneSimulator.ActiveCfg = Release|iPhoneSimulator
		{F0AD9312-10DA-401B-9A7C-984CF07115C9}.Release|iPhoneSimulator.Build.0 = Release|iPhoneSimulator
		{F0AD9312-10DA-401B-9A7C-984CF07115C9}.Release|iPhoneSimulator.Deploy.0 = Release|iPhoneSimulator
		{1D829EBB-3D56-4B7A-854E-D76B48CE3AC6}.Ad-Hoc|Any CPU.ActiveCfg = Debug|Any CPU
		{1D829EBB-3D56-4B7A-854E-D76B48CE3AC6}.Ad-Hoc|Any CPU.Build.0 = Debug|Any CPU
		{1D829EBB-3D56-4B7A-854E-D76B48CE3AC6}.Ad-Hoc|Any CPU.Deploy.0 = Debug|Any CPU
		{1D829EBB-3D56-4B7A-854E-D76B48CE3AC6}.Ad-Hoc|iPhone.ActiveCfg = Debug|Any CPU
		{1D829EBB-3D56-4B7A-854E-D76B48CE3AC6}.Ad-Hoc|iPhone.Build.0 = Debug|Any CPU
		{1D829EBB-3D56-4B7A-854E-D76B48CE3AC6}.Ad-Hoc|iPhone.Deploy.0 = Debug|Any CPU
		{1D829EBB-3D56-4B7A-854E-D76B48CE3AC6}.Ad-Hoc|iPhoneSimulator.ActiveCfg = Debug|Any CPU
		{1D829EBB-3D56-4B7A-854E-D76B48CE3AC6}.Ad-Hoc|iPhoneSimulator.Build.0 = Debug|Any CPU
		{1D829EBB-3D56-4B7A-854E-D76B48CE3AC6}.Ad-Hoc|iPhoneSimulator.Deploy.0 = Debug|Any CPU
		{1D829EBB-3D56-4B7A-854E-D76B48CE3AC6}.AppStore|Any CPU.ActiveCfg = Debug|Any CPU
		{1D829EBB-3D56-4B7A-854E-D76B48CE3AC6}.AppStore|Any CPU.Build.0 = Debug|Any CPU
		{1D829EBB-3D56-4B7A-854E-D76B48CE3AC6}.AppStore|Any CPU.Deploy.0 = Debug|Any CPU
		{1D829EBB-3D56-4B7A-854E-D76B48CE3AC6}.AppStore|iPhone.ActiveCfg = Debug|Any CPU
		{1D829EBB-3D56-4B7A-854E-D76B48CE3AC6}.AppStore|iPhone.Build.0 = Debug|Any CPU
		{1D829EBB-3D56-4B7A-854E-D76B48CE3AC6}.AppStore|iPhone.Deploy.0 = Debug|Any CPU
		{1D829EBB-3D56-4B7A-854E-D76B48CE3AC6}.AppStore|iPhoneSimulator.ActiveCfg = Debug|Any CPU
		{1D829EBB-3D56-4B7A-854E-D76B48CE3AC6}.AppStore|iPhoneSimulator.Build.0 = Debug|Any CPU
		{1D829EBB-3D56-4B7A-854E-D76B48CE3AC6}.AppStore|iPhoneSimulator.Deploy.0 = Debug|Any CPU
		{1D829EBB-3D56-4B7A-854E-D76B48CE3AC6}.Debug|Any CPU.ActiveCfg = Debug|Any CPU
		{1D829EBB-3D56-4B7A-854E-D76B48CE3AC6}.Debug|Any CPU.Build.0 = Debug|Any CPU
		{1D829EBB-3D56-4B7A-854E-D76B48CE3AC6}.Debug|Any CPU.Deploy.0 = Debug|Any CPU
		{1D829EBB-3D56-4B7A-854E-D76B48CE3AC6}.Debug|iPhone.ActiveCfg = Debug|Any CPU
		{1D829EBB-3D56-4B7A-854E-D76B48CE3AC6}.Debug|iPhone.Build.0 = Debug|Any CPU
		{1D829EBB-3D56-4B7A-854E-D76B48CE3AC6}.Debug|iPhone.Deploy.0 = Debug|Any CPU
		{1D829EBB-3D56-4B7A-854E-D76B48CE3AC6}.Debug|iPhoneSimulator.ActiveCfg = Debug|Any CPU
		{1D829EBB-3D56-4B7A-854E-D76B48CE3AC6}.Debug|iPhoneSimulator.Build.0 = Debug|Any CPU
		{1D829EBB-3D56-4B7A-854E-D76B48CE3AC6}.Debug|iPhoneSimulator.Deploy.0 = Debug|Any CPU
		{1D829EBB-3D56-4B7A-854E-D76B48CE3AC6}.Release|Any CPU.ActiveCfg = Release|Any CPU
		{1D829EBB-3D56-4B7A-854E-D76B48CE3AC6}.Release|Any CPU.Build.0 = Release|Any CPU
		{1D829EBB-3D56-4B7A-854E-D76B48CE3AC6}.Release|Any CPU.Deploy.0 = Release|Any CPU
		{1D829EBB-3D56-4B7A-854E-D76B48CE3AC6}.Release|iPhone.ActiveCfg = Release|Any CPU
		{1D829EBB-3D56-4B7A-854E-D76B48CE3AC6}.Release|iPhone.Build.0 = Release|Any CPU
		{1D829EBB-3D56-4B7A-854E-D76B48CE3AC6}.Release|iPhone.Deploy.0 = Release|Any CPU
		{1D829EBB-3D56-4B7A-854E-D76B48CE3AC6}.Release|iPhoneSimulator.ActiveCfg = Release|Any CPU
		{1D829EBB-3D56-4B7A-854E-D76B48CE3AC6}.Release|iPhoneSimulator.Build.0 = Release|Any CPU
		{1D829EBB-3D56-4B7A-854E-D76B48CE3AC6}.Release|iPhoneSimulator.Deploy.0 = Release|Any CPU
	EndGlobalSection
	GlobalSection(SolutionProperties) = preSolution
		HideSolutionNode = FALSE
	EndGlobalSection
	GlobalSection(ExtensibilityGlobals) = postSolution
		SolutionGuid = {E89DB527-3BAA-4B11-8DF9-F0BDC40A688A}
	EndGlobalSection
EndGlobal
